
Microsoft Visual Studio Solution File, Format Version 12.00
# Visual Studio 15
VisualStudioVersion = 15.0.26430.16
MinimumVisualStudioVersion = 10.0.40219.1
Project("{FAE04EC0-301F-11D3-BF4B-00C04F79EFBC}") = "DegreeConverter.Android", "DegreeConverter\DegreeConverter.Android\DegreeConverter.Android.csproj", "{D4DAA3FC-CF56-44A8-AD9F-10CCB71BA9CC}"
EndProject
Project("{FAE04EC0-301F-11D3-BF4B-00C04F79EFBC}") = "DegreeConverter", "DegreeConverter\DegreeConverter\DegreeConverter.csproj", "{EC48EDBE-E04B-474E-8EDF-A18A81525A09}"
EndProject
Project("{FAE04EC0-301F-11D3-BF4B-00C04F79EFBC}") = "DegreeConverter.UWP", "DegreeConverter\DegreeConverter.UWP\DegreeConverter.UWP.csproj", "{091EB10D-2A9A-4C67-9F37-16AC8277E66D}"
EndProject
Project("{FAE04EC0-301F-11D3-BF4B-00C04F79EFBC}") = "DegreeConverter.iOS", "DegreeConverter\DegreeConverter.iOS\DegreeConverter.iOS.csproj", "{458FAF40-F611-48F8-8564-51A65EF29B54}"
EndProject
Global
	GlobalSection(SolutionConfigurationPlatforms) = preSolution
		Ad-Hoc|Any CPU = Ad-Hoc|Any CPU
		Ad-Hoc|ARM = Ad-Hoc|ARM
		Ad-Hoc|iPhone = Ad-Hoc|iPhone
		Ad-Hoc|iPhoneSimulator = Ad-Hoc|iPhoneSimulator
		Ad-Hoc|x64 = Ad-Hoc|x64
		Ad-Hoc|x86 = Ad-Hoc|x86
		AppStore|Any CPU = AppStore|Any CPU
		AppStore|ARM = AppStore|ARM
		AppStore|iPhone = AppStore|iPhone
		AppStore|iPhoneSimulator = AppStore|iPhoneSimulator
		AppStore|x64 = AppStore|x64
		AppStore|x86 = AppStore|x86
		Debug|Any CPU = Debug|Any CPU
		Debug|ARM = Debug|ARM
		Debug|iPhone = Debug|iPhone
		Debug|iPhoneSimulator = Debug|iPhoneSimulator
		Debug|x64 = Debug|x64
		Debug|x86 = Debug|x86
		Release|Any CPU = Release|Any CPU
		Release|ARM = Release|ARM
		Release|iPhone = Release|iPhone
		Release|iPhoneSimulator = Release|iPhoneSimulator
		Release|x64 = Release|x64
		Release|x86 = Release|x86
	EndGlobalSection
	GlobalSection(ProjectConfigurationPlatforms) = postSolution
		{D4DAA3FC-CF56-44A8-AD9F-10CCB71BA9CC}.Ad-Hoc|Any CPU.ActiveCfg = Release|Any CPU
		{D4DAA3FC-CF56-44A8-AD9F-10CCB71BA9CC}.Ad-Hoc|Any CPU.Build.0 = Release|Any CPU
		{D4DAA3FC-CF56-44A8-AD9F-10CCB71BA9CC}.Ad-Hoc|Any CPU.Deploy.0 = Release|Any CPU
		{D4DAA3FC-CF56-44A8-AD9F-10CCB71BA9CC}.Ad-Hoc|ARM.ActiveCfg = Release|Any CPU
		{D4DAA3FC-CF56-44A8-AD9F-10CCB71BA9CC}.Ad-Hoc|ARM.Build.0 = Release|Any CPU
		{D4DAA3FC-CF56-44A8-AD9F-10CCB71BA9CC}.Ad-Hoc|ARM.Deploy.0 = Release|Any CPU
		{D4DAA3FC-CF56-44A8-AD9F-10CCB71BA9CC}.Ad-Hoc|iPhone.ActiveCfg = Release|Any CPU
		{D4DAA3FC-CF56-44A8-AD9F-10CCB71BA9CC}.Ad-Hoc|iPhone.Build.0 = Release|Any CPU
		{D4DAA3FC-CF56-44A8-AD9F-10CCB71BA9CC}.Ad-Hoc|iPhone.Deploy.0 = Release|Any CPU
		{D4DAA3FC-CF56-44A8-AD9F-10CCB71BA9CC}.Ad-Hoc|iPhoneSimulator.ActiveCfg = Release|Any CPU
		{D4DAA3FC-CF56-44A8-AD9F-10CCB71BA9CC}.Ad-Hoc|iPhoneSimulator.Build.0 = Release|Any CPU
		{D4DAA3FC-CF56-44A8-AD9F-10CCB71BA9CC}.Ad-Hoc|iPhoneSimulator.Deploy.0 = Release|Any CPU
		{D4DAA3FC-CF56-44A8-AD9F-10CCB71BA9CC}.Ad-Hoc|x64.ActiveCfg = Release|Any CPU
		{D4DAA3FC-CF56-44A8-AD9F-10CCB71BA9CC}.Ad-Hoc|x64.Build.0 = Release|Any CPU
		{D4DAA3FC-CF56-44A8-AD9F-10CCB71BA9CC}.Ad-Hoc|x64.Deploy.0 = Release|Any CPU
		{D4DAA3FC-CF56-44A8-AD9F-10CCB71BA9CC}.Ad-Hoc|x86.ActiveCfg = Release|Any CPU
		{D4DAA3FC-CF56-44A8-AD9F-10CCB71BA9CC}.Ad-Hoc|x86.Build.0 = Release|Any CPU
		{D4DAA3FC-CF56-44A8-AD9F-10CCB71BA9CC}.Ad-Hoc|x86.Deploy.0 = Release|Any CPU
		{D4DAA3FC-CF56-44A8-AD9F-10CCB71BA9CC}.AppStore|Any CPU.ActiveCfg = Release|Any CPU
		{D4DAA3FC-CF56-44A8-AD9F-10CCB71BA9CC}.AppStore|Any CPU.Build.0 = Release|Any CPU
		{D4DAA3FC-CF56-44A8-AD9F-10CCB71BA9CC}.AppStore|Any CPU.Deploy.0 = Release|Any CPU
		{D4DAA3FC-CF56-44A8-AD9F-10CCB71BA9CC}.AppStore|ARM.ActiveCfg = Release|Any CPU
		{D4DAA3FC-CF56-44A8-AD9F-10CCB71BA9CC}.AppStore|ARM.Build.0 = Release|Any CPU
		{D4DAA3FC-CF56-44A8-AD9F-10CCB71BA9CC}.AppStore|ARM.Deploy.0 = Release|Any CPU
		{D4DAA3FC-CF56-44A8-AD9F-10CCB71BA9CC}.AppStore|iPhone.ActiveCfg = Release|Any CPU
		{D4DAA3FC-CF56-44A8-AD9F-10CCB71BA9CC}.AppStore|iPhone.Build.0 = Release|Any CPU
		{D4DAA3FC-CF56-44A8-AD9F-10CCB71BA9CC}.AppStore|iPhone.Deploy.0 = Release|Any CPU
		{D4DAA3FC-CF56-44A8-AD9F-10CCB71BA9CC}.AppStore|iPhoneSimulator.ActiveCfg = Release|Any CPU
		{D4DAA3FC-CF56-44A8-AD9F-10CCB71BA9CC}.AppStore|iPhoneSimulator.Build.0 = Release|Any CPU
		{D4DAA3FC-CF56-44A8-AD9F-10CCB71BA9CC}.AppStore|iPhoneSimulator.Deploy.0 = Release|Any CPU
		{D4DAA3FC-CF56-44A8-AD9F-10CCB71BA9CC}.AppStore|x64.ActiveCfg = Release|Any CPU
		{D4DAA3FC-CF56-44A8-AD9F-10CCB71BA9CC}.AppStore|x64.Build.0 = Release|Any CPU
		{D4DAA3FC-CF56-44A8-AD9F-10CCB71BA9CC}.AppStore|x64.Deploy.0 = Release|Any CPU
		{D4DAA3FC-CF56-44A8-AD9F-10CCB71BA9CC}.AppStore|x86.ActiveCfg = Release|Any CPU
		{D4DAA3FC-CF56-44A8-AD9F-10CCB71BA9CC}.AppStore|x86.Build.0 = Release|Any CPU
		{D4DAA3FC-CF56-44A8-AD9F-10CCB71BA9CC}.AppStore|x86.Deploy.0 = Release|Any CPU
		{D4DAA3FC-CF56-44A8-AD9F-10CCB71BA9CC}.Debug|Any CPU.ActiveCfg = Debug|Any CPU
		{D4DAA3FC-CF56-44A8-AD9F-10CCB71BA9CC}.Debug|Any CPU.Build.0 = Debug|Any CPU
		{D4DAA3FC-CF56-44A8-AD9F-10CCB71BA9CC}.Debug|Any CPU.Deploy.0 = Debug|Any CPU
		{D4DAA3FC-CF56-44A8-AD9F-10CCB71BA9CC}.Debug|ARM.ActiveCfg = Debug|Any CPU
		{D4DAA3FC-CF56-44A8-AD9F-10CCB71BA9CC}.Debug|ARM.Build.0 = Debug|Any CPU
		{D4DAA3FC-CF56-44A8-AD9F-10CCB71BA9CC}.Debug|ARM.Deploy.0 = Debug|Any CPU
		{D4DAA3FC-CF56-44A8-AD9F-10CCB71BA9CC}.Debug|iPhone.ActiveCfg = Debug|Any CPU
		{D4DAA3FC-CF56-44A8-AD9F-10CCB71BA9CC}.Debug|iPhone.Build.0 = Debug|Any CPU
		{D4DAA3FC-CF56-44A8-AD9F-10CCB71BA9CC}.Debug|iPhone.Deploy.0 = Debug|Any CPU
		{D4DAA3FC-CF56-44A8-AD9F-10CCB71BA9CC}.Debug|iPhoneSimulator.ActiveCfg = Debug|Any CPU
		{D4DAA3FC-CF56-44A8-AD9F-10CCB71BA9CC}.Debug|iPhoneSimulator.Build.0 = Debug|Any CPU
		{D4DAA3FC-CF56-44A8-AD9F-10CCB71BA9CC}.Debug|iPhoneSimulator.Deploy.0 = Debug|Any CPU
		{D4DAA3FC-CF56-44A8-AD9F-10CCB71BA9CC}.Debug|x64.ActiveCfg = Debug|Any CPU
		{D4DAA3FC-CF56-44A8-AD9F-10CCB71BA9CC}.Debug|x64.Build.0 = Debug|Any CPU
		{D4DAA3FC-CF56-44A8-AD9F-10CCB71BA9CC}.Debug|x64.Deploy.0 = Debug|Any CPU
		{D4DAA3FC-CF56-44A8-AD9F-10CCB71BA9CC}.Debug|x86.ActiveCfg = Debug|Any CPU
		{D4DAA3FC-CF56-44A8-AD9F-10CCB71BA9CC}.Debug|x86.Build.0 = Debug|Any CPU
		{D4DAA3FC-CF56-44A8-AD9F-10CCB71BA9CC}.Debug|x86.Deploy.0 = Debug|Any CPU
		{D4DAA3FC-CF56-44A8-AD9F-10CCB71BA9CC}.Release|Any CPU.ActiveCfg = Release|Any CPU
		{D4DAA3FC-CF56-44A8-AD9F-10CCB71BA9CC}.Release|Any CPU.Build.0 = Release|Any CPU
		{D4DAA3FC-CF56-44A8-AD9F-10CCB71BA9CC}.Release|Any CPU.Deploy.0 = Release|Any CPU
		{D4DAA3FC-CF56-44A8-AD9F-10CCB71BA9CC}.Release|ARM.ActiveCfg = Release|Any CPU
		{D4DAA3FC-CF56-44A8-AD9F-10CCB71BA9CC}.Release|ARM.Build.0 = Release|Any CPU
		{D4DAA3FC-CF56-44A8-AD9F-10CCB71BA9CC}.Release|ARM.Deploy.0 = Release|Any CPU
		{D4DAA3FC-CF56-44A8-AD9F-10CCB71BA9CC}.Release|iPhone.ActiveCfg = Release|Any CPU
		{D4DAA3FC-CF56-44A8-AD9F-10CCB71BA9CC}.Release|iPhone.Build.0 = Release|Any CPU
		{D4DAA3FC-CF56-44A8-AD9F-10CCB71BA9CC}.Release|iPhone.Deploy.0 = Release|Any CPU
		{D4DAA3FC-CF56-44A8-AD9F-10CCB71BA9CC}.Release|iPhoneSimulator.ActiveCfg = Release|Any CPU
		{D4DAA3FC-CF56-44A8-AD9F-10CCB71BA9CC}.Release|iPhoneSimulator.Build.0 = Release|Any CPU
		{D4DAA3FC-CF56-44A8-AD9F-10CCB71BA9CC}.Release|iPhoneSimulator.Deploy.0 = Release|Any CPU
		{D4DAA3FC-CF56-44A8-AD9F-10CCB71BA9CC}.Release|x64.ActiveCfg = Release|Any CPU
		{D4DAA3FC-CF56-44A8-AD9F-10CCB71BA9CC}.Release|x64.Build.0 = Release|Any CPU
		{D4DAA3FC-CF56-44A8-AD9F-10CCB71BA9CC}.Release|x64.Deploy.0 = Release|Any CPU
		{D4DAA3FC-CF56-44A8-AD9F-10CCB71BA9CC}.Release|x86.ActiveCfg = Release|Any CPU
		{D4DAA3FC-CF56-44A8-AD9F-10CCB71BA9CC}.Release|x86.Build.0 = Release|Any CPU
		{D4DAA3FC-CF56-44A8-AD9F-10CCB71BA9CC}.Release|x86.Deploy.0 = Release|Any CPU
		{EC48EDBE-E04B-474E-8EDF-A18A81525A09}.Ad-Hoc|Any CPU.ActiveCfg = Release|Any CPU
		{EC48EDBE-E04B-474E-8EDF-A18A81525A09}.Ad-Hoc|Any CPU.Build.0 = Release|Any CPU
		{EC48EDBE-E04B-474E-8EDF-A18A81525A09}.Ad-Hoc|ARM.ActiveCfg = Release|Any CPU
		{EC48EDBE-E04B-474E-8EDF-A18A81525A09}.Ad-Hoc|ARM.Build.0 = Release|Any CPU
		{EC48EDBE-E04B-474E-8EDF-A18A81525A09}.Ad-Hoc|iPhone.ActiveCfg = Release|Any CPU
		{EC48EDBE-E04B-474E-8EDF-A18A81525A09}.Ad-Hoc|iPhone.Build.0 = Release|Any CPU
		{EC48EDBE-E04B-474E-8EDF-A18A81525A09}.Ad-Hoc|iPhoneSimulator.ActiveCfg = Release|Any CPU
		{EC48EDBE-E04B-474E-8EDF-A18A81525A09}.Ad-Hoc|iPhoneSimulator.Build.0 = Release|Any CPU
		{EC48EDBE-E04B-474E-8EDF-A18A81525A09}.Ad-Hoc|x64.ActiveCfg = Release|Any CPU
		{EC48EDBE-E04B-474E-8EDF-A18A81525A09}.Ad-Hoc|x64.Build.0 = Release|Any CPU
		{EC48EDBE-E04B-474E-8EDF-A18A81525A09}.Ad-Hoc|x86.ActiveCfg = Release|Any CPU
		{EC48EDBE-E04B-474E-8EDF-A18A81525A09}.Ad-Hoc|x86.Build.0 = Release|Any CPU
		{EC48EDBE-E04B-474E-8EDF-A18A81525A09}.AppStore|Any CPU.ActiveCfg = Release|Any CPU
		{EC48EDBE-E04B-474E-8EDF-A18A81525A09}.AppStore|Any CPU.Build.0 = Release|Any CPU
		{EC48EDBE-E04B-474E-8EDF-A18A81525A09}.AppStore|ARM.ActiveCfg = Release|Any CPU
		{EC48EDBE-E04B-474E-8EDF-A18A81525A09}.AppStore|ARM.Build.0 = Release|Any CPU
		{EC48EDBE-E04B-474E-8EDF-A18A81525A09}.AppStore|iPhone.ActiveCfg = Release|Any CPU
		{EC48EDBE-E04B-474E-8EDF-A18A81525A09}.AppStore|iPhone.Build.0 = Release|Any CPU
		{EC48EDBE-E04B-474E-8EDF-A18A81525A09}.AppStore|iPhoneSimulator.ActiveCfg = Release|Any CPU
		{EC48EDBE-E04B-474E-8EDF-A18A81525A09}.AppStore|iPhoneSimulator.Build.0 = Release|Any CPU
		{EC48EDBE-E04B-474E-8EDF-A18A81525A09}.AppStore|x64.ActiveCfg = Release|Any CPU
		{EC48EDBE-E04B-474E-8EDF-A18A81525A09}.AppStore|x64.Build.0 = Release|Any CPU
		{EC48EDBE-E04B-474E-8EDF-A18A81525A09}.AppStore|x86.ActiveCfg = Release|Any CPU
		{EC48EDBE-E04B-474E-8EDF-A18A81525A09}.AppStore|x86.Build.0 = Release|Any CPU
		{EC48EDBE-E04B-474E-8EDF-A18A81525A09}.Debug|Any CPU.ActiveCfg = Debug|Any CPU
		{EC48EDBE-E04B-474E-8EDF-A18A81525A09}.Debug|Any CPU.Build.0 = Debug|Any CPU
		{EC48EDBE-E04B-474E-8EDF-A18A81525A09}.Debug|ARM.ActiveCfg = Debug|Any CPU
		{EC48EDBE-E04B-474E-8EDF-A18A81525A09}.Debug|ARM.Build.0 = Debug|Any CPU
		{EC48EDBE-E04B-474E-8EDF-A18A81525A09}.Debug|iPhone.ActiveCfg = Debug|Any CPU
		{EC48EDBE-E04B-474E-8EDF-A18A81525A09}.Debug|iPhone.Build.0 = Debug|Any CPU
		{EC48EDBE-E04B-474E-8EDF-A18A81525A09}.Debug|iPhoneSimulator.ActiveCfg = Debug|Any CPU
		{EC48EDBE-E04B-474E-8EDF-A18A81525A09}.Debug|iPhoneSimulator.Build.0 = Debug|Any CPU
		{EC48EDBE-E04B-474E-8EDF-A18A81525A09}.Debug|x64.ActiveCfg = Debug|Any CPU
		{EC48EDBE-E04B-474E-8EDF-A18A81525A09}.Debug|x64.Build.0 = Debug|Any CPU
		{EC48EDBE-E04B-474E-8EDF-A18A81525A09}.Debug|x86.ActiveCfg = Debug|Any CPU
		{EC48EDBE-E04B-474E-8EDF-A18A81525A09}.Debug|x86.Build.0 = Debug|Any CPU
		{EC48EDBE-E04B-474E-8EDF-A18A81525A09}.Release|Any CPU.ActiveCfg = Release|Any CPU
		{EC48EDBE-E04B-474E-8EDF-A18A81525A09}.Release|Any CPU.Build.0 = Release|Any CPU
		{EC48EDBE-E04B-474E-8EDF-A18A81525A09}.Release|ARM.ActiveCfg = Release|Any CPU
		{EC48EDBE-E04B-474E-8EDF-A18A81525A09}.Release|ARM.Build.0 = Release|Any CPU
		{EC48EDBE-E04B-474E-8EDF-A18A81525A09}.Release|iPhone.ActiveCfg = Release|Any CPU
		{EC48EDBE-E04B-474E-8EDF-A18A81525A09}.Release|iPhone.Build.0 = Release|Any CPU
		{EC48EDBE-E04B-474E-8EDF-A18A81525A09}.Release|iPhoneSimulator.ActiveCfg = Release|Any CPU
		{EC48EDBE-E04B-474E-8EDF-A18A81525A09}.Release|iPhoneSimulator.Build.0 = Release|Any CPU
		{EC48EDBE-E04B-474E-8EDF-A18A81525A09}.Release|x64.ActiveCfg = Release|Any CPU
		{EC48EDBE-E04B-474E-8EDF-A18A81525A09}.Release|x64.Build.0 = Release|Any CPU
		{EC48EDBE-E04B-474E-8EDF-A18A81525A09}.Release|x86.ActiveCfg = Release|Any CPU
		{EC48EDBE-E04B-474E-8EDF-A18A81525A09}.Release|x86.Build.0 = Release|Any CPU
		{091EB10D-2A9A-4C67-9F37-16AC8277E66D}.Ad-Hoc|Any CPU.ActiveCfg = Release|x86
		{091EB10D-2A9A-4C67-9F37-16AC8277E66D}.Ad-Hoc|Any CPU.Build.0 = Release|x86
		{091EB10D-2A9A-4C67-9F37-16AC8277E66D}.Ad-Hoc|Any CPU.Deploy.0 = Release|x86
		{091EB10D-2A9A-4C67-9F37-16AC8277E66D}.Ad-Hoc|ARM.ActiveCfg = Release|ARM
		{091EB10D-2A9A-4C67-9F37-16AC8277E66D}.Ad-Hoc|ARM.Build.0 = Release|ARM
		{091EB10D-2A9A-4C67-9F37-16AC8277E66D}.Ad-Hoc|ARM.Deploy.0 = Release|ARM
		{091EB10D-2A9A-4C67-9F37-16AC8277E66D}.Ad-Hoc|iPhone.ActiveCfg = Release|x86
		{091EB10D-2A9A-4C67-9F37-16AC8277E66D}.Ad-Hoc|iPhone.Build.0 = Release|x86
		{091EB10D-2A9A-4C67-9F37-16AC8277E66D}.Ad-Hoc|iPhone.Deploy.0 = Release|x86
		{091EB10D-2A9A-4C67-9F37-16AC8277E66D}.Ad-Hoc|iPhoneSimulator.ActiveCfg = Release|x86
		{091EB10D-2A9A-4C67-9F37-16AC8277E66D}.Ad-Hoc|iPhoneSimulator.Build.0 = Release|x86
		{091EB10D-2A9A-4C67-9F37-16AC8277E66D}.Ad-Hoc|iPhoneSimulator.Deploy.0 = Release|x86
		{091EB10D-2A9A-4C67-9F37-16AC8277E66D}.Ad-Hoc|x64.ActiveCfg = Release|x64
		{091EB10D-2A9A-4C67-9F37-16AC8277E66D}.Ad-Hoc|x64.Build.0 = Release|x64
		{091EB10D-2A9A-4C67-9F37-16AC8277E66D}.Ad-Hoc|x64.Deploy.0 = Release|x64
		{091EB10D-2A9A-4C67-9F37-16AC8277E66D}.Ad-Hoc|x86.ActiveCfg = Release|x86
		{091EB10D-2A9A-4C67-9F37-16AC8277E66D}.Ad-Hoc|x86.Build.0 = Release|x86
		{091EB10D-2A9A-4C67-9F37-16AC8277E66D}.Ad-Hoc|x86.Deploy.0 = Release|x86
		{091EB10D-2A9A-4C67-9F37-16AC8277E66D}.AppStore|Any CPU.ActiveCfg = Release|x86
		{091EB10D-2A9A-4C67-9F37-16AC8277E66D}.AppStore|Any CPU.Build.0 = Release|x86
		{091EB10D-2A9A-4C67-9F37-16AC8277E66D}.AppStore|Any CPU.Deploy.0 = Release|x86
		{091EB10D-2A9A-4C67-9F37-16AC8277E66D}.AppStore|ARM.ActiveCfg = Release|ARM
		{091EB10D-2A9A-4C67-9F37-16AC8277E66D}.AppStore|ARM.Build.0 = Release|ARM
		{091EB10D-2A9A-4C67-9F37-16AC8277E66D}.AppStore|ARM.Deploy.0 = Release|ARM
		{091EB10D-2A9A-4C67-9F37-16AC8277E66D}.AppStore|iPhone.ActiveCfg = Release|x86
		{091EB10D-2A9A-4C67-9F37-16AC8277E66D}.AppStore|iPhone.Build.0 = Release|x86
		{091EB10D-2A9A-4C67-9F37-16AC8277E66D}.AppStore|iPhone.Deploy.0 = Release|x86
		{091EB10D-2A9A-4C67-9F37-16AC8277E66D}.AppStore|iPhoneSimulator.ActiveCfg = Release|x86
		{091EB10D-2A9A-4C67-9F37-16AC8277E66D}.AppStore|iPhoneSimulator.Build.0 = Release|x86
		{091EB10D-2A9A-4C67-9F37-16AC8277E66D}.AppStore|iPhoneSimulator.Deploy.0 = Release|x86
		{091EB10D-2A9A-4C67-9F37-16AC8277E66D}.AppStore|x64.ActiveCfg = Release|x64
		{091EB10D-2A9A-4C67-9F37-16AC8277E66D}.AppStore|x64.Build.0 = Release|x64
		{091EB10D-2A9A-4C67-9F37-16AC8277E66D}.AppStore|x64.Deploy.0 = Release|x64
		{091EB10D-2A9A-4C67-9F37-16AC8277E66D}.AppStore|x86.ActiveCfg = Release|x86
		{091EB10D-2A9A-4C67-9F37-16AC8277E66D}.AppStore|x86.Build.0 = Release|x86
		{091EB10D-2A9A-4C67-9F37-16AC8277E66D}.AppStore|x86.Deploy.0 = Release|x86
		{091EB10D-2A9A-4C67-9F37-16AC8277E66D}.Debug|Any CPU.ActiveCfg = Debug|x86
		{091EB10D-2A9A-4C67-9F37-16AC8277E66D}.Debug|ARM.ActiveCfg = Debug|ARM
		{091EB10D-2A9A-4C67-9F37-16AC8277E66D}.Debug|ARM.Build.0 = Debug|ARM
		{091EB10D-2A9A-4C67-9F37-16AC8277E66D}.Debug|ARM.Deploy.0 = Debug|ARM
		{091EB10D-2A9A-4C67-9F37-16AC8277E66D}.Debug|iPhone.ActiveCfg = Debug|x86
		{091EB10D-2A9A-4C67-9F37-16AC8277E66D}.Debug|iPhoneSimulator.ActiveCfg = Debug|x86
		{091EB10D-2A9A-4C67-9F37-16AC8277E66D}.Debug|x64.ActiveCfg = Debug|x64
		{091EB10D-2A9A-4C67-9F37-16AC8277E66D}.Debug|x64.Build.0 = Debug|x64
		{091EB10D-2A9A-4C67-9F37-16AC8277E66D}.Debug|x64.Deploy.0 = Debug|x64
		{091EB10D-2A9A-4C67-9F37-16AC8277E66D}.Debug|x86.ActiveCfg = Debug|x86
		{091EB10D-2A9A-4C67-9F37-16AC8277E66D}.Debug|x86.Build.0 = Debug|x86
		{091EB10D-2A9A-4C67-9F37-16AC8277E66D}.Debug|x86.Deploy.0 = Debug|x86
		{091EB10D-2A9A-4C67-9F37-16AC8277E66D}.Release|Any CPU.ActiveCfg = Release|x86
		{091EB10D-2A9A-4C67-9F37-16AC8277E66D}.Release|ARM.ActiveCfg = Release|ARM
		{091EB10D-2A9A-4C67-9F37-16AC8277E66D}.Release|ARM.Build.0 = Release|ARM
		{091EB10D-2A9A-4C67-9F37-16AC8277E66D}.Release|ARM.Deploy.0 = Release|ARM
		{091EB10D-2A9A-4C67-9F37-16AC8277E66D}.Release|iPhone.ActiveCfg = Release|x86
		{091EB10D-2A9A-4C67-9F37-16AC8277E66D}.Release|iPhoneSimulator.ActiveCfg = Release|x86
		{091EB10D-2A9A-4C67-9F37-16AC8277E66D}.Release|x64.ActiveCfg = Release|x64
		{091EB10D-2A9A-4C67-9F37-16AC8277E66D}.Release|x64.Build.0 = Release|x64
		{091EB10D-2A9A-4C67-9F37-16AC8277E66D}.Release|x64.Deploy.0 = Release|x64
		{091EB10D-2A9A-4C67-9F37-16AC8277E66D}.Release|x86.ActiveCfg = Release|x86
		{091EB10D-2A9A-4C67-9F37-16AC8277E66D}.Release|x86.Build.0 = Release|x86
		{091EB10D-2A9A-4C67-9F37-16AC8277E66D}.Release|x86.Deploy.0 = Release|x86
		{458FAF40-F611-48F8-8564-51A65EF29B54}.Ad-Hoc|Any CPU.ActiveCfg = Ad-Hoc|iPhone
		{458FAF40-F611-48F8-8564-51A65EF29B54}.Ad-Hoc|ARM.ActiveCfg = Ad-Hoc|iPhone
		{458FAF40-F611-48F8-8564-51A65EF29B54}.Ad-Hoc|iPhone.ActiveCfg = Ad-Hoc|iPhone
		{458FAF40-F611-48F8-8564-51A65EF29B54}.Ad-Hoc|iPhone.Build.0 = Ad-Hoc|iPhone
		{458FAF40-F611-48F8-8564-51A65EF29B54}.Ad-Hoc|iPhoneSimulator.ActiveCfg = Ad-Hoc|iPhoneSimulator
		{458FAF40-F611-48F8-8564-51A65EF29B54}.Ad-Hoc|iPhoneSimulator.Build.0 = Ad-Hoc|iPhoneSimulator
		{458FAF40-F611-48F8-8564-51A65EF29B54}.Ad-Hoc|x64.ActiveCfg = Ad-Hoc|iPhone
		{458FAF40-F611-48F8-8564-51A65EF29B54}.Ad-Hoc|x86.ActiveCfg = Ad-Hoc|iPhone
		{458FAF40-F611-48F8-8564-51A65EF29B54}.AppStore|Any CPU.ActiveCfg = AppStore|iPhone
		{458FAF40-F611-48F8-8564-51A65EF29B54}.AppStore|ARM.ActiveCfg = AppStore|iPhone
		{458FAF40-F611-48F8-8564-51A65EF29B54}.AppStore|iPhone.ActiveCfg = AppStore|iPhone
		{458FAF40-F611-48F8-8564-51A65EF29B54}.AppStore|iPhone.Build.0 = AppStore|iPhone
		{458FAF40-F611-48F8-8564-51A65EF29B54}.AppStore|iPhoneSimulator.ActiveCfg = AppStore|iPhoneSimulator
		{458FAF40-F611-48F8-8564-51A65EF29B54}.AppStore|iPhoneSimulator.Build.0 = AppStore|iPhoneSimulator
		{458FAF40-F611-48F8-8564-51A65EF29B54}.AppStore|x64.ActiveCfg = AppStore|iPhone
		{458FAF40-F611-48F8-8564-51A65EF29B54}.AppStore|x86.ActiveCfg = AppStore|iPhone
		{458FAF40-F611-48F8-8564-51A65EF29B54}.Debug|Any CPU.ActiveCfg = Debug|iPhone
		{458FAF40-F611-48F8-8564-51A65EF29B54}.Debug|ARM.ActiveCfg = Debug|iPhone
		{458FAF40-F611-48F8-8564-51A65EF29B54}.Debug|iPhone.ActiveCfg = Debug|iPhone
		{458FAF40-F611-48F8-8564-51A65EF29B54}.Debug|iPhone.Build.0 = Debug|iPhone
		{458FAF40-F611-48F8-8564-51A65EF29B54}.Debug|iPhoneSimulator.ActiveCfg = Debug|iPhoneSimulator
		{458FAF40-F611-48F8-8564-51A65EF29B54}.Debug|iPhoneSimulator.Build.0 = Debug|iPhoneSimulator
		{458FAF40-F611-48F8-8564-51A65EF29B54}.Debug|x64.ActiveCfg = Debug|iPhone
		{458FAF40-F611-48F8-8564-51A65EF29B54}.Debug|x86.ActiveCfg = Debug|iPhone
		{458FAF40-F611-48F8-8564-51A65EF29B54}.Release|Any CPU.ActiveCfg = Release|iPhone
		{458FAF40-F611-48F8-8564-51A65EF29B54}.Release|ARM.ActiveCfg = Release|iPhone
		{458FAF40-F611-48F8-8564-51A65EF29B54}.Release|iPhone.ActiveCfg = Release|iPhone
		{458FAF40-F611-48F8-8564-51A65EF29B54}.Release|iPhone.Build.0 = Release|iPhone
		{458FAF40-F611-48F8-8564-51A65EF29B54}.Release|iPhoneSimulator.ActiveCfg = Release|iPhoneSimulator
		{458FAF40-F611-48F8-8564-51A65EF29B54}.Release|iPhoneSimulator.Build.0 = Release|iPhoneSimulator
		{458FAF40-F611-48F8-8564-51A65EF29B54}.Release|x64.ActiveCfg = Release|iPhone
		{458FAF40-F611-48F8-8564-51A65EF29B54}.Release|x86.ActiveCfg = Release|iPhone
	EndGlobalSection
	GlobalSection(SolutionProperties) = preSolution
		HideSolutionNode = FALSE
	EndGlobalSection
EndGlobal
